
Microsoft Visual Studio Solution File, Format Version 12.00
# Visual Studio Version 17
VisualStudioVersion = 17.4.33122.133
MinimumVisualStudioVersion = 10.0.40219.1
Project("{FAE04EC0-301F-11D3-BF4B-00C04F79EFBC}") = "ItAgency_bdCRUD", "ItAgency_bdCRUD.csproj", "{7C4F1639-7BE7-4EAB-8A8D-BA5D99026540}"
EndProject
Global
	GlobalSection(SolutionConfigurationPlatforms) = preSolution
		Debug|Any CPU = Debug|Any CPU
		Release|Any CPU = Release|Any CPU
	EndGlobalSection
	GlobalSection(ProjectConfigurationPlatforms) = postSolution
		{7C4F1639-7BE7-4EAB-8A8D-BA5D99026540}.Debug|Any CPU.ActiveCfg = Debug|Any CPU
		{7C4F1639-7BE7-4EAB-8A8D-BA5D99026540}.Debug|Any CPU.Build.0 = Debug|Any CPU
		{7C4F1639-7BE7-4EAB-8A8D-BA5D99026540}.Release|Any CPU.ActiveCfg = Release|Any CPU
		{7C4F1639-7BE7-4EAB-8A8D-BA5D99026540}.Release|Any CPU.Build.0 = Release|Any CPU
	EndGlobalSection
	GlobalSection(SolutionProperties) = preSolution
		HideSolutionNode = FALSE
	EndGlobalSection
	GlobalSection(ExtensibilityGlobals) = postSolution
		SolutionGuid = {321A5FE3-1E50-40CF-9D87-FFD4B3BADAD8}
	EndGlobalSection
EndGlobal
